
Microsoft Visual Studio Solution File, Format Version 12.00
# Visual Studio Version 17
VisualStudioVersion = 17.6.33417.168
MinimumVisualStudioVersion = 10.0.40219.1
Project("{9A19103F-16F7-4668-BE54-9A1E7A4F7556}") = "Blazor.AzureCosmosDb.Demo", "Blazor.AzureCosmosDb.Demo\Blazor.AzureCosmosDb.Demo.csproj", "{370AC34F-367B-4EA7-827E-CEF64CE768A8}"
EndProject
Project("{9A19103F-16F7-4668-BE54-9A1E7A4F7556}") = "RazorPagesWeb.NetCore.EF.Demo", "RazorPagesWeb.NetCore.EF.Demo\RazorPagesWeb.NetCore.EF.Demo.csproj", "{196939B0-89AC-4A35-AF1E-4374CD161CE7}"
EndProject
Project("{9A19103F-16F7-4668-BE54-9A1E7A4F7556}") = "Mvc.StorageAccount.Demo", "Mvc.StorageAccount.Demo\Mvc.StorageAccount.Demo.csproj", "{8DB90888-D7C2-4158-BD81-A2ED82836013}"
EndProject
Project("{9A19103F-16F7-4668-BE54-9A1E7A4F7556}") = "Console.QueueConsumer.Demo", "Console.QueueConsumer.Demo\Console.QueueConsumer.Demo.csproj", "{6EB8450E-5D31-4F12-8446-0A3CBB1D163A}"
EndProject
Project("{9A19103F-16F7-4668-BE54-9A1E7A4F7556}") = "Console.ServiceBusSender.Demo", "Console.ServiceBusSender.Demo\Console.ServiceBusSender.Demo.csproj", "{81E04D2A-F779-4B97-B658-2A665951CE89}"
EndProject
Project("{9A19103F-16F7-4668-BE54-9A1E7A4F7556}") = "Console.ServiceBusReceiver.Demo", "Console.ServiceBusReceiver.Demo\Console.ServiceBusReceiver.Demo.csproj", "{B501EFF6-1F6B-436E-B35C-3212F15F579C}"
EndProject
Project("{9A19103F-16F7-4668-BE54-9A1E7A4F7556}") = "FunctionApp.Demo", "FunctionApp.Demo\FunctionApp.Demo.csproj", "{AAD40272-CE8A-423C-A7D2-249A1F158E97}"
EndProject
Project("{FAE04EC0-301F-11D3-BF4B-00C04F79EFBC}") = "Microservice1Api.Containers.Demo", "Microservice1Api.Containers.Demo\Microservice1Api.Containers.Demo.csproj", "{3920FDCE-802C-4FEF-8EFF-65B266920F13}"
EndProject
Project("{FAE04EC0-301F-11D3-BF4B-00C04F79EFBC}") = "Microservice2Api.Containers.Demo", "Microservice2Api.Containers.Demo\Microservice2Api.Containers.Demo.csproj", "{050E4991-E23D-4E3B-9D2D-0CF1609952B1}"
EndProject
Project("{E53339B2-1760-4266-BCC7-CA923CBCF16C}") = "docker-compose", "docker-compose.dcproj", "{70315846-0180-4A59-AF45-495BBAA0A118}"
EndProject
Global
	GlobalSection(SolutionConfigurationPlatforms) = preSolution
		Debug|Any CPU = Debug|Any CPU
		Release|Any CPU = Release|Any CPU
	EndGlobalSection
	GlobalSection(ProjectConfigurationPlatforms) = postSolution
		{370AC34F-367B-4EA7-827E-CEF64CE768A8}.Debug|Any CPU.ActiveCfg = Debug|Any CPU
		{370AC34F-367B-4EA7-827E-CEF64CE768A8}.Debug|Any CPU.Build.0 = Debug|Any CPU
		{370AC34F-367B-4EA7-827E-CEF64CE768A8}.Release|Any CPU.ActiveCfg = Release|Any CPU
		{370AC34F-367B-4EA7-827E-CEF64CE768A8}.Release|Any CPU.Build.0 = Release|Any CPU
		{196939B0-89AC-4A35-AF1E-4374CD161CE7}.Debug|Any CPU.ActiveCfg = Debug|Any CPU
		{196939B0-89AC-4A35-AF1E-4374CD161CE7}.Debug|Any CPU.Build.0 = Debug|Any CPU
		{196939B0-89AC-4A35-AF1E-4374CD161CE7}.Release|Any CPU.ActiveCfg = Release|Any CPU
		{196939B0-89AC-4A35-AF1E-4374CD161CE7}.Release|Any CPU.Build.0 = Release|Any CPU
		{8DB90888-D7C2-4158-BD81-A2ED82836013}.Debug|Any CPU.ActiveCfg = Debug|Any CPU
		{8DB90888-D7C2-4158-BD81-A2ED82836013}.Debug|Any CPU.Build.0 = Debug|Any CPU
		{8DB90888-D7C2-4158-BD81-A2ED82836013}.Release|Any CPU.ActiveCfg = Release|Any CPU
		{8DB90888-D7C2-4158-BD81-A2ED82836013}.Release|Any CPU.Build.0 = Release|Any CPU
		{6EB8450E-5D31-4F12-8446-0A3CBB1D163A}.Debug|Any CPU.ActiveCfg = Debug|Any CPU
		{6EB8450E-5D31-4F12-8446-0A3CBB1D163A}.Debug|Any CPU.Build.0 = Debug|Any CPU
		{6EB8450E-5D31-4F12-8446-0A3CBB1D163A}.Release|Any CPU.ActiveCfg = Release|Any CPU
		{6EB8450E-5D31-4F12-8446-0A3CBB1D163A}.Release|Any CPU.Build.0 = Release|Any CPU
		{81E04D2A-F779-4B97-B658-2A665951CE89}.Debug|Any CPU.ActiveCfg = Debug|Any CPU
		{81E04D2A-F779-4B97-B658-2A665951CE89}.Debug|Any CPU.Build.0 = Debug|Any CPU
		{81E04D2A-F779-4B97-B658-2A665951CE89}.Release|Any CPU.ActiveCfg = Release|Any CPU
		{81E04D2A-F779-4B97-B658-2A665951CE89}.Release|Any CPU.Build.0 = Release|Any CPU
		{B501EFF6-1F6B-436E-B35C-3212F15F579C}.Debug|Any CPU.ActiveCfg = Debug|Any CPU
		{B501EFF6-1F6B-436E-B35C-3212F15F579C}.Debug|Any CPU.Build.0 = Debug|Any CPU
		{B501EFF6-1F6B-436E-B35C-3212F15F579C}.Release|Any CPU.ActiveCfg = Release|Any CPU
		{B501EFF6-1F6B-436E-B35C-3212F15F579C}.Release|Any CPU.Build.0 = Release|Any CPU
		{AAD40272-CE8A-423C-A7D2-249A1F158E97}.Debug|Any CPU.ActiveCfg = Debug|Any CPU
		{AAD40272-CE8A-423C-A7D2-249A1F158E97}.Debug|Any CPU.Build.0 = Debug|Any CPU
		{AAD40272-CE8A-423C-A7D2-249A1F158E97}.Release|Any CPU.ActiveCfg = Release|Any CPU
		{AAD40272-CE8A-423C-A7D2-249A1F158E97}.Release|Any CPU.Build.0 = Release|Any CPU
		{3920FDCE-802C-4FEF-8EFF-65B266920F13}.Debug|Any CPU.ActiveCfg = Debug|Any CPU
		{3920FDCE-802C-4FEF-8EFF-65B266920F13}.Debug|Any CPU.Build.0 = Debug|Any CPU
		{3920FDCE-802C-4FEF-8EFF-65B266920F13}.Release|Any CPU.ActiveCfg = Release|Any CPU
		{3920FDCE-802C-4FEF-8EFF-65B266920F13}.Release|Any CPU.Build.0 = Release|Any CPU
		{050E4991-E23D-4E3B-9D2D-0CF1609952B1}.Debug|Any CPU.ActiveCfg = Debug|Any CPU
		{050E4991-E23D-4E3B-9D2D-0CF1609952B1}.Debug|Any CPU.Build.0 = Debug|Any CPU
		{050E4991-E23D-4E3B-9D2D-0CF1609952B1}.Release|Any CPU.ActiveCfg = Release|Any CPU
		{050E4991-E23D-4E3B-9D2D-0CF1609952B1}.Release|Any CPU.Build.0 = Release|Any CPU
		{70315846-0180-4A59-AF45-495BBAA0A118}.Debug|Any CPU.ActiveCfg = Debug|Any CPU
		{70315846-0180-4A59-AF45-495BBAA0A118}.Debug|Any CPU.Build.0 = Debug|Any CPU
		{70315846-0180-4A59-AF45-495BBAA0A118}.Release|Any CPU.ActiveCfg = Release|Any CPU
		{70315846-0180-4A59-AF45-495BBAA0A118}.Release|Any CPU.Build.0 = Release|Any CPU
	EndGlobalSection
	GlobalSection(SolutionProperties) = preSolution
		HideSolutionNode = FALSE
	EndGlobalSection
	GlobalSection(ExtensibilityGlobals) = postSolution
		SolutionGuid = {89FBB65F-C566-4845-BA00-143E8B8E22DA}
	EndGlobalSection
EndGlobal
